
Microsoft Visual Studio Solution File, Format Version 12.00
# Visual Studio Version 16
VisualStudioVersion = 16.0.30114.105
MinimumVisualStudioVersion = 10.0.40219.1
Project("{2150E333-8FDC-42A3-9474-1A3956D46DE8}") = "src", "src", "{26BB1C2C-28DD-416C-BB47-E79733D3D1E8}"
EndProject
Project("{FAE04EC0-301F-11D3-BF4B-00C04F79EFBC}") = "ThePlague.IRC.Parser", "src\ThePlague.IRC.Parser\ThePlague.IRC.Parser.csproj", "{2135173F-C9E5-4A63-A624-E58FFF652C15}"
EndProject
Project("{2150E333-8FDC-42A3-9474-1A3956D46DE8}") = "test", "test", "{E49CF75C-8101-4669-B2E4-5BC9211C5922}"
EndProject
Project("{FAE04EC0-301F-11D3-BF4B-00C04F79EFBC}") = "ThePlague.IRC.Parser.Tests", "test\ThePlague.IRC.Parser.Tests\ThePlague.IRC.Parser.Tests.csproj", "{887A8655-9786-4C50-94EB-7F0EE0BCC5E3}"
EndProject
Project("{FAE04EC0-301F-11D3-BF4B-00C04F79EFBC}") = "ThePlague.Model.Core.Text", "src\ThePlague.Model.Core.Text\ThePlague.Model.Core.Text.csproj", "{2ABB7399-01AD-4257-A6D2-B303242B05BD}"
EndProject
Project("{FAE04EC0-301F-11D3-BF4B-00C04F79EFBC}") = "ThePlague.Model.Core.Text.Generator", "src\ThePlague.Model.Core.Text.Generator\ThePlague.Model.Core.Text.Generator.csproj", "{7D21ABB5-3160-4B04-A378-CA2F1362CCDF}"
EndProject
Project("{FAE04EC0-301F-11D3-BF4B-00C04F79EFBC}") = "ThePlague.Model.Core.Text.Tests", "test\ThePlague.Model.Core.Text.Tests\ThePlague.Model.Core.Text.Tests.csproj", "{70288853-C263-445C-94C5-28A0743CE06C}"
EndProject
Project("{2150E333-8FDC-42A3-9474-1A3956D46DE8}") = "bench", "bench", "{57A7C693-DBC9-4D12-93AF-40AB17DE1F45}"
EndProject
Project("{FAE04EC0-301F-11D3-BF4B-00C04F79EFBC}") = "StringComparer", "bench\StringComparer\StringComparer.csproj", "{585ED045-8720-4D8C-ABC7-68D5ACAC5725}"
EndProject
Project("{FAE04EC0-301F-11D3-BF4B-00C04F79EFBC}") = "ThePlague.IRC.Parser.Generator", "src\ThePlague.IRC.Parser.Generator\ThePlague.IRC.Parser.Generator.csproj", "{8ED31D9F-3C6E-4979-A971-2B688F89979A}"
EndProject
Global
	GlobalSection(SolutionConfigurationPlatforms) = preSolution
		Debug|Any CPU = Debug|Any CPU
		Debug|x64 = Debug|x64
		Debug|x86 = Debug|x86
		Release|Any CPU = Release|Any CPU
		Release|x64 = Release|x64
		Release|x86 = Release|x86
	EndGlobalSection
	GlobalSection(SolutionProperties) = preSolution
		HideSolutionNode = FALSE
	EndGlobalSection
	GlobalSection(ProjectConfigurationPlatforms) = postSolution
		{2135173F-C9E5-4A63-A624-E58FFF652C15}.Debug|Any CPU.ActiveCfg = Debug|Any CPU
		{2135173F-C9E5-4A63-A624-E58FFF652C15}.Debug|Any CPU.Build.0 = Debug|Any CPU
		{2135173F-C9E5-4A63-A624-E58FFF652C15}.Debug|x64.ActiveCfg = Debug|Any CPU
		{2135173F-C9E5-4A63-A624-E58FFF652C15}.Debug|x64.Build.0 = Debug|Any CPU
		{2135173F-C9E5-4A63-A624-E58FFF652C15}.Debug|x86.ActiveCfg = Debug|Any CPU
		{2135173F-C9E5-4A63-A624-E58FFF652C15}.Debug|x86.Build.0 = Debug|Any CPU
		{2135173F-C9E5-4A63-A624-E58FFF652C15}.Release|Any CPU.ActiveCfg = Release|Any CPU
		{2135173F-C9E5-4A63-A624-E58FFF652C15}.Release|Any CPU.Build.0 = Release|Any CPU
		{2135173F-C9E5-4A63-A624-E58FFF652C15}.Release|x64.ActiveCfg = Release|Any CPU
		{2135173F-C9E5-4A63-A624-E58FFF652C15}.Release|x64.Build.0 = Release|Any CPU
		{2135173F-C9E5-4A63-A624-E58FFF652C15}.Release|x86.ActiveCfg = Release|Any CPU
		{2135173F-C9E5-4A63-A624-E58FFF652C15}.Release|x86.Build.0 = Release|Any CPU
		{887A8655-9786-4C50-94EB-7F0EE0BCC5E3}.Debug|Any CPU.ActiveCfg = Debug|Any CPU
		{887A8655-9786-4C50-94EB-7F0EE0BCC5E3}.Debug|Any CPU.Build.0 = Debug|Any CPU
		{887A8655-9786-4C50-94EB-7F0EE0BCC5E3}.Debug|x64.ActiveCfg = Debug|Any CPU
		{887A8655-9786-4C50-94EB-7F0EE0BCC5E3}.Debug|x64.Build.0 = Debug|Any CPU
		{887A8655-9786-4C50-94EB-7F0EE0BCC5E3}.Debug|x86.ActiveCfg = Debug|Any CPU
		{887A8655-9786-4C50-94EB-7F0EE0BCC5E3}.Debug|x86.Build.0 = Debug|Any CPU
		{887A8655-9786-4C50-94EB-7F0EE0BCC5E3}.Release|Any CPU.ActiveCfg = Release|Any CPU
		{887A8655-9786-4C50-94EB-7F0EE0BCC5E3}.Release|Any CPU.Build.0 = Release|Any CPU
		{887A8655-9786-4C50-94EB-7F0EE0BCC5E3}.Release|x64.ActiveCfg = Release|Any CPU
		{887A8655-9786-4C50-94EB-7F0EE0BCC5E3}.Release|x64.Build.0 = Release|Any CPU
		{887A8655-9786-4C50-94EB-7F0EE0BCC5E3}.Release|x86.ActiveCfg = Release|Any CPU
		{887A8655-9786-4C50-94EB-7F0EE0BCC5E3}.Release|x86.Build.0 = Release|Any CPU
		{2ABB7399-01AD-4257-A6D2-B303242B05BD}.Debug|Any CPU.ActiveCfg = Debug|Any CPU
		{2ABB7399-01AD-4257-A6D2-B303242B05BD}.Debug|Any CPU.Build.0 = Debug|Any CPU
		{2ABB7399-01AD-4257-A6D2-B303242B05BD}.Debug|x64.ActiveCfg = Debug|Any CPU
		{2ABB7399-01AD-4257-A6D2-B303242B05BD}.Debug|x64.Build.0 = Debug|Any CPU
		{2ABB7399-01AD-4257-A6D2-B303242B05BD}.Debug|x86.ActiveCfg = Debug|Any CPU
		{2ABB7399-01AD-4257-A6D2-B303242B05BD}.Debug|x86.Build.0 = Debug|Any CPU
		{2ABB7399-01AD-4257-A6D2-B303242B05BD}.Release|Any CPU.ActiveCfg = Release|Any CPU
		{2ABB7399-01AD-4257-A6D2-B303242B05BD}.Release|Any CPU.Build.0 = Release|Any CPU
		{2ABB7399-01AD-4257-A6D2-B303242B05BD}.Release|x64.ActiveCfg = Release|Any CPU
		{2ABB7399-01AD-4257-A6D2-B303242B05BD}.Release|x64.Build.0 = Release|Any CPU
		{2ABB7399-01AD-4257-A6D2-B303242B05BD}.Release|x86.ActiveCfg = Release|Any CPU
		{2ABB7399-01AD-4257-A6D2-B303242B05BD}.Release|x86.Build.0 = Release|Any CPU
		{7D21ABB5-3160-4B04-A378-CA2F1362CCDF}.Debug|Any CPU.ActiveCfg = Debug|Any CPU
		{7D21ABB5-3160-4B04-A378-CA2F1362CCDF}.Debug|Any CPU.Build.0 = Debug|Any CPU
		{7D21ABB5-3160-4B04-A378-CA2F1362CCDF}.Debug|x64.ActiveCfg = Debug|Any CPU
		{7D21ABB5-3160-4B04-A378-CA2F1362CCDF}.Debug|x64.Build.0 = Debug|Any CPU
		{7D21ABB5-3160-4B04-A378-CA2F1362CCDF}.Debug|x86.ActiveCfg = Debug|Any CPU
		{7D21ABB5-3160-4B04-A378-CA2F1362CCDF}.Debug|x86.Build.0 = Debug|Any CPU
		{7D21ABB5-3160-4B04-A378-CA2F1362CCDF}.Release|Any CPU.ActiveCfg = Release|Any CPU
		{7D21ABB5-3160-4B04-A378-CA2F1362CCDF}.Release|Any CPU.Build.0 = Release|Any CPU
		{7D21ABB5-3160-4B04-A378-CA2F1362CCDF}.Release|x64.ActiveCfg = Release|Any CPU
		{7D21ABB5-3160-4B04-A378-CA2F1362CCDF}.Release|x64.Build.0 = Release|Any CPU
		{7D21ABB5-3160-4B04-A378-CA2F1362CCDF}.Release|x86.ActiveCfg = Release|Any CPU
		{7D21ABB5-3160-4B04-A378-CA2F1362CCDF}.Release|x86.Build.0 = Release|Any CPU
		{70288853-C263-445C-94C5-28A0743CE06C}.Debug|Any CPU.ActiveCfg = Debug|Any CPU
		{70288853-C263-445C-94C5-28A0743CE06C}.Debug|Any CPU.Build.0 = Debug|Any CPU
		{70288853-C263-445C-94C5-28A0743CE06C}.Debug|x64.ActiveCfg = Debug|Any CPU
		{70288853-C263-445C-94C5-28A0743CE06C}.Debug|x64.Build.0 = Debug|Any CPU
		{70288853-C263-445C-94C5-28A0743CE06C}.Debug|x86.ActiveCfg = Debug|Any CPU
		{70288853-C263-445C-94C5-28A0743CE06C}.Debug|x86.Build.0 = Debug|Any CPU
		{70288853-C263-445C-94C5-28A0743CE06C}.Release|Any CPU.ActiveCfg = Release|Any CPU
		{70288853-C263-445C-94C5-28A0743CE06C}.Release|Any CPU.Build.0 = Release|Any CPU
		{70288853-C263-445C-94C5-28A0743CE06C}.Release|x64.ActiveCfg = Release|Any CPU
		{70288853-C263-445C-94C5-28A0743CE06C}.Release|x64.Build.0 = Release|Any CPU
		{70288853-C263-445C-94C5-28A0743CE06C}.Release|x86.ActiveCfg = Release|Any CPU
		{70288853-C263-445C-94C5-28A0743CE06C}.Release|x86.Build.0 = Release|Any CPU
		{585ED045-8720-4D8C-ABC7-68D5ACAC5725}.Debug|Any CPU.ActiveCfg = Debug|Any CPU
		{585ED045-8720-4D8C-ABC7-68D5ACAC5725}.Debug|Any CPU.Build.0 = Debug|Any CPU
		{585ED045-8720-4D8C-ABC7-68D5ACAC5725}.Debug|x64.ActiveCfg = Debug|Any CPU
		{585ED045-8720-4D8C-ABC7-68D5ACAC5725}.Debug|x64.Build.0 = Debug|Any CPU
		{585ED045-8720-4D8C-ABC7-68D5ACAC5725}.Debug|x86.ActiveCfg = Debug|Any CPU
		{585ED045-8720-4D8C-ABC7-68D5ACAC5725}.Debug|x86.Build.0 = Debug|Any CPU
		{585ED045-8720-4D8C-ABC7-68D5ACAC5725}.Release|Any CPU.ActiveCfg = Release|Any CPU
		{585ED045-8720-4D8C-ABC7-68D5ACAC5725}.Release|Any CPU.Build.0 = Release|Any CPU
		{585ED045-8720-4D8C-ABC7-68D5ACAC5725}.Release|x64.ActiveCfg = Release|Any CPU
		{585ED045-8720-4D8C-ABC7-68D5ACAC5725}.Release|x64.Build.0 = Release|Any CPU
		{585ED045-8720-4D8C-ABC7-68D5ACAC5725}.Release|x86.ActiveCfg = Release|Any CPU
		{585ED045-8720-4D8C-ABC7-68D5ACAC5725}.Release|x86.Build.0 = Release|Any CPU
		{8ED31D9F-3C6E-4979-A971-2B688F89979A}.Debug|Any CPU.ActiveCfg = Debug|Any CPU
		{8ED31D9F-3C6E-4979-A971-2B688F89979A}.Debug|Any CPU.Build.0 = Debug|Any CPU
		{8ED31D9F-3C6E-4979-A971-2B688F89979A}.Debug|x64.ActiveCfg = Debug|Any CPU
		{8ED31D9F-3C6E-4979-A971-2B688F89979A}.Debug|x64.Build.0 = Debug|Any CPU
		{8ED31D9F-3C6E-4979-A971-2B688F89979A}.Debug|x86.ActiveCfg = Debug|Any CPU
		{8ED31D9F-3C6E-4979-A971-2B688F89979A}.Debug|x86.Build.0 = Debug|Any CPU
		{8ED31D9F-3C6E-4979-A971-2B688F89979A}.Release|Any CPU.ActiveCfg = Release|Any CPU
		{8ED31D9F-3C6E-4979-A971-2B688F89979A}.Release|Any CPU.Build.0 = Release|Any CPU
		{8ED31D9F-3C6E-4979-A971-2B688F89979A}.Release|x64.ActiveCfg = Release|Any CPU
		{8ED31D9F-3C6E-4979-A971-2B688F89979A}.Release|x64.Build.0 = Release|Any CPU
		{8ED31D9F-3C6E-4979-A971-2B688F89979A}.Release|x86.ActiveCfg = Release|Any CPU
		{8ED31D9F-3C6E-4979-A971-2B688F89979A}.Release|x86.Build.0 = Release|Any CPU
	EndGlobalSection
	GlobalSection(NestedProjects) = preSolution
		{2135173F-C9E5-4A63-A624-E58FFF652C15} = {26BB1C2C-28DD-416C-BB47-E79733D3D1E8}
		{887A8655-9786-4C50-94EB-7F0EE0BCC5E3} = {E49CF75C-8101-4669-B2E4-5BC9211C5922}
		{2ABB7399-01AD-4257-A6D2-B303242B05BD} = {26BB1C2C-28DD-416C-BB47-E79733D3D1E8}
		{7D21ABB5-3160-4B04-A378-CA2F1362CCDF} = {26BB1C2C-28DD-416C-BB47-E79733D3D1E8}
		{70288853-C263-445C-94C5-28A0743CE06C} = {E49CF75C-8101-4669-B2E4-5BC9211C5922}
		{585ED045-8720-4D8C-ABC7-68D5ACAC5725} = {57A7C693-DBC9-4D12-93AF-40AB17DE1F45}
		{8ED31D9F-3C6E-4979-A971-2B688F89979A} = {26BB1C2C-28DD-416C-BB47-E79733D3D1E8}
	EndGlobalSection
EndGlobal
